
Microsoft Visual Studio Solution File, Format Version 12.00
# Visual Studio Version 17
VisualStudioVersion = 17.5.002.0
MinimumVisualStudioVersion = 10.0.40219.1
Project("{9A19103F-16F7-4668-BE54-9A1E7A4F7556}") = "HelpMeCook.API", "HelpMeCook.API\HelpMeCook.API.csproj", "{F307DCE8-4B3C-4F1E-9485-7BE471238C66}"
EndProject
Project("{9A19103F-16F7-4668-BE54-9A1E7A4F7556}") = "HelpMeCook.TESTS", "HelpMeCook.TESTS\HelpMeCook.TESTS.csproj", "{5BF0893B-7D18-4D05-A526-8F5D03D9A0B5}"
EndProject
Global
	GlobalSection(SolutionConfigurationPlatforms) = preSolution
		Debug|Any CPU = Debug|Any CPU
		Release|Any CPU = Release|Any CPU
	EndGlobalSection
	GlobalSection(ProjectConfigurationPlatforms) = postSolution
		{F307DCE8-4B3C-4F1E-9485-7BE471238C66}.Debug|Any CPU.ActiveCfg = Debug|Any CPU
		{F307DCE8-4B3C-4F1E-9485-7BE471238C66}.Debug|Any CPU.Build.0 = Debug|Any CPU
		{F307DCE8-4B3C-4F1E-9485-7BE471238C66}.Release|Any CPU.ActiveCfg = Release|Any CPU
		{F307DCE8-4B3C-4F1E-9485-7BE471238C66}.Release|Any CPU.Build.0 = Release|Any CPU
		{5BF0893B-7D18-4D05-A526-8F5D03D9A0B5}.Debug|Any CPU.ActiveCfg = Debug|Any CPU
		{5BF0893B-7D18-4D05-A526-8F5D03D9A0B5}.Debug|Any CPU.Build.0 = Debug|Any CPU
		{5BF0893B-7D18-4D05-A526-8F5D03D9A0B5}.Release|Any CPU.ActiveCfg = Release|Any CPU
		{5BF0893B-7D18-4D05-A526-8F5D03D9A0B5}.Release|Any CPU.Build.0 = Release|Any CPU
	EndGlobalSection
	GlobalSection(SolutionProperties) = preSolution
		HideSolutionNode = FALSE
	EndGlobalSection
	GlobalSection(ExtensibilityGlobals) = postSolution
		SolutionGuid = {642FC3D2-88F5-4872-860A-E35A76930846}
	EndGlobalSection
EndGlobal
